
Microsoft Visual Studio Solution File, Format Version 12.00
# Visual Studio Version 16
VisualStudioVersion = 16.0.29519.181
MinimumVisualStudioVersion = 10.0.40219.1
Project("{FAE04EC0-301F-11D3-BF4B-00C04F79EFBC}") = "auti", "auti.csproj", "{96768B42-CF14-4A38-84CD-2B6D709FFBB0}"
EndProject
Global
	GlobalSection(SolutionConfigurationPlatforms) = preSolution
		Debug|Any CPU = Debug|Any CPU
		Release|Any CPU = Release|Any CPU
	EndGlobalSection
	GlobalSection(ProjectConfigurationPlatforms) = postSolution
		{96768B42-CF14-4A38-84CD-2B6D709FFBB0}.Debug|Any CPU.ActiveCfg = Debug|Any CPU
		{96768B42-CF14-4A38-84CD-2B6D709FFBB0}.Debug|Any CPU.Build.0 = Debug|Any CPU
		{96768B42-CF14-4A38-84CD-2B6D709FFBB0}.Release|Any CPU.ActiveCfg = Release|Any CPU
		{96768B42-CF14-4A38-84CD-2B6D709FFBB0}.Release|Any CPU.Build.0 = Release|Any CPU
	EndGlobalSection
	GlobalSection(SolutionProperties) = preSolution
		HideSolutionNode = FALSE
	EndGlobalSection
	GlobalSection(ExtensibilityGlobals) = postSolution
		SolutionGuid = {DB8CCBD4-39E0-4B99-A77A-39AB73E892BA}
	EndGlobalSection
EndGlobal
