
Microsoft Visual Studio Solution File, Format Version 12.00
# Visual Studio Version 16
VisualStudioVersion = 16.0.29519.181
MinimumVisualStudioVersion = 10.0.40219.1
Project("{FAE04EC0-301F-11D3-BF4B-00C04F79EFBC}") = "jednostavanKalkulator", "jednostavanKalkulator.csproj", "{9DBF5FF8-8863-4A47-AEA6-9FDDF1C90B5F}"
EndProject
Global
	GlobalSection(SolutionConfigurationPlatforms) = preSolution
		Debug|Any CPU = Debug|Any CPU
		Release|Any CPU = Release|Any CPU
	EndGlobalSection
	GlobalSection(ProjectConfigurationPlatforms) = postSolution
		{9DBF5FF8-8863-4A47-AEA6-9FDDF1C90B5F}.Debug|Any CPU.ActiveCfg = Debug|Any CPU
		{9DBF5FF8-8863-4A47-AEA6-9FDDF1C90B5F}.Debug|Any CPU.Build.0 = Debug|Any CPU
		{9DBF5FF8-8863-4A47-AEA6-9FDDF1C90B5F}.Release|Any CPU.ActiveCfg = Release|Any CPU
		{9DBF5FF8-8863-4A47-AEA6-9FDDF1C90B5F}.Release|Any CPU.Build.0 = Release|Any CPU
	EndGlobalSection
	GlobalSection(SolutionProperties) = preSolution
		HideSolutionNode = FALSE
	EndGlobalSection
	GlobalSection(ExtensibilityGlobals) = postSolution
		SolutionGuid = {5BD5288D-8AA4-4042-BC30-84D9EC113444}
	EndGlobalSection
EndGlobal
