
Microsoft Visual Studio Solution File, Format Version 12.00
# Visual Studio 15
VisualStudioVersion = 15.0.28307.539
MinimumVisualStudioVersion = 10.0.40219.1
Project("{FAE04EC0-301F-11D3-BF4B-00C04F79EFBC}") = "T", "T\T.csproj", "{931941C5-47A5-460E-A6CB-D585F01D57EB}"
EndProject
Global
	GlobalSection(SolutionConfigurationPlatforms) = preSolution
		Debug|Any CPU = Debug|Any CPU
		Release|Any CPU = Release|Any CPU
	EndGlobalSection
	GlobalSection(ProjectConfigurationPlatforms) = postSolution
		{931941C5-47A5-460E-A6CB-D585F01D57EB}.Debug|Any CPU.ActiveCfg = Debug|Any CPU
		{931941C5-47A5-460E-A6CB-D585F01D57EB}.Debug|Any CPU.Build.0 = Debug|Any CPU
		{931941C5-47A5-460E-A6CB-D585F01D57EB}.Release|Any CPU.ActiveCfg = Release|Any CPU
		{931941C5-47A5-460E-A6CB-D585F01D57EB}.Release|Any CPU.Build.0 = Release|Any CPU
	EndGlobalSection
	GlobalSection(SolutionProperties) = preSolution
		HideSolutionNode = FALSE
	EndGlobalSection
	GlobalSection(ExtensibilityGlobals) = postSolution
		SolutionGuid = {4A364E13-00EF-4D75-B4ED-EE826856CD2A}
	EndGlobalSection
EndGlobal
